// !$*UTF8*$!
{
	archiveVersion = 1;
	classes = {
	};
	objectVersion = 50;
	objects = {

/* Begin PBXBuildFile section */
		A9717EFF21C9CD52002C0A87 /* AppDelegate.swift in Sources */ = {isa = PBXBuildFile; fileRef = A9717EFE21C9CD52002C0A87 /* AppDelegate.swift */; };
		A9717F0121C9CD52002C0A87 /* ViewController.swift in Sources */ = {isa = PBXBuildFile; fileRef = A9717F0021C9CD52002C0A87 /* ViewController.swift */; };
		A9717F0421C9CD53002C0A87 /* Main.storyboard in Resources */ = {isa = PBXBuildFile; fileRef = A9717F0221C9CD52002C0A87 /* Main.storyboard */; };
		A9717F0621C9CD57002C0A87 /* Assets.xcassets in Resources */ = {isa = PBXBuildFile; fileRef = A9717F0521C9CD57002C0A87 /* Assets.xcassets */; };
		A9717F0921C9CD57002C0A87 /* LaunchScreen.storyboard in Resources */ = {isa = PBXBuildFile; fileRef = A9717F0721C9CD57002C0A87 /* LaunchScreen.storyboard */; };
		A9717F1421C9CD57002C0A87 /* test___Tests.swift in Sources */ = {isa = PBXBuildFile; fileRef = A9717F1321C9CD57002C0A87 /* test___Tests.swift */; };
		A9717F1F21C9CD57002C0A87 /* test___UITests.swift in Sources */ = {isa = PBXBuildFile; fileRef = A9717F1E21C9CD57002C0A87 /* test___UITests.swift */; };
/* End PBXBuildFile section */

/* Begin PBXContainerItemProxy section */
		A9717F1021C9CD57002C0A87 /* PBXContainerItemProxy */ = {
			isa = PBXContainerItemProxy;
			containerPortal = A9717EF321C9CD52002C0A87 /* Project object */;
			proxyType = 1;
			remoteGlobalIDString = A9717EFA21C9CD52002C0A87;
			remoteInfo = "test计算器";
		};
		A9717F1B21C9CD57002C0A87 /* PBXContainerItemProxy */ = {
			isa = PBXContainerItemProxy;
			containerPortal = A9717EF321C9CD52002C0A87 /* Project object */;
			proxyType = 1;
			remoteGlobalIDString = A9717EFA21C9CD52002C0A87;
			remoteInfo = "test计算器";
		};
/* End PBXContainerItemProxy section */

/* Begin PBXFileReference section */
		A9717EFB21C9CD52002C0A87 /* test计算器.app */ = {isa = PBXFileReference; explicitFileType = wrapper.application; includeInIndex = 0; path = "test计算器.app"; sourceTree = BUILT_PRODUCTS_DIR; };
		A9717EFE21C9CD52002C0A87 /* AppDelegate.swift */ = {isa = PBXFileReference; lastKnownFileType = sourcecode.swift; path = AppDelegate.swift; sourceTree = "<group>"; };
		A9717F0021C9CD52002C0A87 /* ViewController.swift */ = {isa = PBXFileReference; lastKnownFileType = sourcecode.swift; path = ViewController.swift; sourceTree = "<group>"; };
		A9717F0321C9CD52002C0A87 /* Base */ = {isa = PBXFileReference; lastKnownFileType = file.storyboard; name = Base; path = Base.lproj/Main.storyboard; sourceTree = "<group>"; };
		A9717F0521C9CD57002C0A87 /* Assets.xcassets */ = {isa = PBXFileReference; lastKnownFileType = folder.assetcatalog; path = Assets.xcassets; sourceTree = "<group>"; };
		A9717F0821C9CD57002C0A87 /* Base */ = {isa = PBXFileReference; lastKnownFileType = file.storyboard; name = Base; path = Base.lproj/LaunchScreen.storyboard; sourceTree = "<group>"; };
		A9717F0A21C9CD57002C0A87 /* Info.plist */ = {isa = PBXFileReference; lastKnownFileType = text.plist.xml; path = Info.plist; sourceTree = "<group>"; };
		A9717F0F21C9CD57002C0A87 /* test计算器Tests.xctest */ = {isa = PBXFileReference; explicitFileType = wrapper.cfbundle; includeInIndex = 0; path = "test计算器Tests.xctest"; sourceTree = BUILT_PRODUCTS_DIR; };
		A9717F1321C9CD57002C0A87 /* test___Tests.swift */ = {isa = PBXFileReference; lastKnownFileType = sourcecode.swift; path = "test___Tests.swift"; sourceTree = "<group>"; };
		A9717F1521C9CD57002C0A87 /* Info.plist */ = {isa = PBXFileReference; lastKnownFileType = text.plist.xml; path = Info.plist; sourceTree = "<group>"; };
		A9717F1A21C9CD57002C0A87 /* test计算器UITests.xctest */ = {isa = PBXFileReference; explicitFileType = wrapper.cfbundle; includeInIndex = 0; path = "test计算器UITests.xctest"; sourceTree = BUILT_PRODUCTS_DIR; };
		A9717F1E21C9CD57002C0A87 /* test___UITests.swift */ = {isa = PBXFileReference; lastKnownFileType = sourcecode.swift; path = "test___UITests.swift"; sourceTree = "<group>"; };
		A9717F2021C9CD57002C0A87 /* Info.plist */ = {isa = PBXFileReference; lastKnownFileType = text.plist.xml; path = Info.plist; sourceTree = "<group>"; };
/* End PBXFileReference section */

/* Begin PBXFrameworksBuildPhase section */
		A9717EF821C9CD52002C0A87 /* Frameworks */ = {
			isa = PBXFrameworksBuildPhase;
			buildActionMask = 2147483647;
			files = (
			);
			runOnlyForDeploymentPostprocessing = 0;
		};
		A9717F0C21C9CD57002C0A87 /* Frameworks */ = {
			isa = PBXFrameworksBuildPhase;
			buildActionMask = 2147483647;
			files = (
			);
			runOnlyForDeploymentPostprocessing = 0;
		};
		A9717F1721C9CD57002C0A87 /* Frameworks */ = {
			isa = PBXFrameworksBuildPhase;
			buildActionMask = 2147483647;
			files = (
			);
			runOnlyForDeploymentPostprocessing = 0;
		};
/* End PBXFrameworksBuildPhase section */

/* Begin PBXGroup section */
		A9717EF221C9CD52002C0A87 = {
			isa = PBXGroup;
			children = (
				A9717EFD21C9CD52002C0A87 /* test计算器 */,
				A9717F1221C9CD57002C0A87 /* test计算器Tests */,
				A9717F1D21C9CD57002C0A87 /* test计算器UITests */,
				A9717EFC21C9CD52002C0A87 /* Products */,
			);
			sourceTree = "<group>";
		};
		A9717EFC21C9CD52002C0A87 /* Products */ = {
			isa = PBXGroup;
			children = (
				A9717EFB21C9CD52002C0A87 /* test计算器.app */,
				A9717F0F21C9CD57002C0A87 /* test计算器Tests.xctest */,
				A9717F1A21C9CD57002C0A87 /* test计算器UITests.xctest */,
			);
			name = Products;
			sourceTree = "<group>";
		};
		A9717EFD21C9CD52002C0A87 /* test计算器 */ = {
			isa = PBXGroup;
			children = (
				A9717EFE21C9CD52002C0A87 /* AppDelegate.swift */,
				A9717F0021C9CD52002C0A87 /* ViewController.swift */,
				A9717F0221C9CD52002C0A87 /* Main.storyboard */,
				A9717F0521C9CD57002C0A87 /* Assets.xcassets */,
				A9717F0721C9CD57002C0A87 /* LaunchScreen.storyboard */,
				A9717F0A21C9CD57002C0A87 /* Info.plist */,
			);
			path = "test计算器";
			sourceTree = "<group>";
		};
		A9717F1221C9CD57002C0A87 /* test计算器Tests */ = {
			isa = PBXGroup;
			children = (
				A9717F1321C9CD57002C0A87 /* test___Tests.swift */,
				A9717F1521C9CD57002C0A87 /* Info.plist */,
			);
			path = "test计算器Tests";
			sourceTree = "<group>";
		};
		A9717F1D21C9CD57002C0A87 /* test计算器UITests */ = {
			isa = PBXGroup;
			children = (
				A9717F1E21C9CD57002C0A87 /* test___UITests.swift */,
				A9717F2021C9CD57002C0A87 /* Info.plist */,
			);
			path = "test计算器UITests";
			sourceTree = "<group>";
		};
/* End PBXGroup section */

/* Begin PBXNativeTarget section */
		A9717EFA21C9CD52002C0A87 /* test计算器 */ = {
			isa = PBXNativeTarget;
			buildConfigurationList = A9717F2321C9CD57002C0A87 /* Build configuration list for PBXNativeTarget "test计算器" */;
			buildPhases = (
				A9717EF721C9CD52002C0A87 /* Sources */,
				A9717EF821C9CD52002C0A87 /* Frameworks */,
				A9717EF921C9CD52002C0A87 /* Resources */,
			);
			buildRules = (
			);
			dependencies = (
			);
			name = "test计算器";
			productName = "test计算器";
			productReference = A9717EFB21C9CD52002C0A87 /* test计算器.app */;
			productType = "com.apple.product-type.application";
		};
		A9717F0E21C9CD57002C0A87 /* test计算器Tests */ = {
			isa = PBXNativeTarget;
			buildConfigurationList = A9717F2621C9CD57002C0A87 /* Build configuration list for PBXNativeTarget "test计算器Tests" */;
			buildPhases = (
				A9717F0B21C9CD57002C0A87 /* Sources */,
				A9717F0C21C9CD57002C0A87 /* Frameworks */,
				A9717F0D21C9CD57002C0A87 /* Resources */,
			);
			buildRules = (
			);
			dependencies = (
				A9717F1121C9CD57002C0A87 /* PBXTargetDependency */,
			);
			name = "test计算器Tests";
			productName = "test计算器Tests";
			productReference = A9717F0F21C9CD57002C0A87 /* test计算器Tests.xctest */;
			productType = "com.apple.product-type.bundle.unit-test";
		};
		A9717F1921C9CD57002C0A87 /* test计算器UITests */ = {
			isa = PBXNativeTarget;
			buildConfigurationList = A9717F2921C9CD57002C0A87 /* Build configuration list for PBXNativeTarget "test计算器UITests" */;
			buildPhases = (
				A9717F1621C9CD57002C0A87 /* Sources */,
				A9717F1721C9CD57002C0A87 /* Frameworks */,
				A9717F1821C9CD57002C0A87 /* Resources */,
			);
			buildRules = (
			);
			dependencies = (
				A9717F1C21C9CD57002C0A87 /* PBXTargetDependency */,
			);
			name = "test计算器UITests";
			productName = "test计算器UITests";
			productReference = A9717F1A21C9CD57002C0A87 /* test计算器UITests.xctest */;
			productType = "com.apple.product-type.bundle.ui-testing";
		};
/* End PBXNativeTarget section */

/* Begin PBXProject section */
		A9717EF321C9CD52002C0A87 /* Project object */ = {
			isa = PBXProject;
			attributes = {
				LastSwiftUpdateCheck = 1000;
				LastUpgradeCheck = 1000;
				ORGANIZATIONNAME = s20171105406;
				TargetAttributes = {
					A9717EFA21C9CD52002C0A87 = {
						CreatedOnToolsVersion = 10.0;
					};
					A9717F0E21C9CD57002C0A87 = {
						CreatedOnToolsVersion = 10.0;
						TestTargetID = A9717EFA21C9CD52002C0A87;
					};
					A9717F1921C9CD57002C0A87 = {
						CreatedOnToolsVersion = 10.0;
						TestTargetID = A9717EFA21C9CD52002C0A87;
					};
				};
			};
			buildConfigurationList = A9717EF621C9CD52002C0A87 /* Build configuration list for PBXProject "test计算器" */;
			compatibilityVersion = "Xcode 9.3";
			developmentRegion = en;
			hasScannedForEncodings = 0;
			knownRegions = (
				en,
				Base,
			);
			mainGroup = A9717EF221C9CD52002C0A87;
			productRefGroup = A9717EFC21C9CD52002C0A87 /* Products */;
			projectDirPath = "";
			projectRoot = "";
			targets = (
				A9717EFA21C9CD52002C0A87 /* test计算器 */,
				A9717F0E21C9CD57002C0A87 /* test计算器Tests */,
				A9717F1921C9CD57002C0A87 /* test计算器UITests */,
			);
		};
/* End PBXProject section */

/* Begin PBXResourcesBuildPhase section */
		A9717EF921C9CD52002C0A87 /* Resources */ = {
			isa = PBXResourcesBuildPhase;
			buildActionMask = 2147483647;
			files = (
				A9717F0921C9CD57002C0A87 /* LaunchScreen.storyboard in Resources */,
				A9717F0621C9CD57002C0A87 /* Assets.xcassets in Resources */,
				A9717F0421C9CD53002C0A87 /* Main.storyboard in Resources */,
			);
			runOnlyForDeploymentPostprocessing = 0;
		};
		A9717F0D21C9CD57002C0A87 /* Resources */ = {
			isa = PBXResourcesBuildPhase;
			buildActionMask = 2147483647;
			files = (
			);
			runOnlyForDeploymentPostprocessing = 0;
		};
		A9717F1821C9CD57002C0A87 /* Resources */ = {
			isa = PBXResourcesBuildPhase;
			buildActionMask = 2147483647;
			files = (
			);
			runOnlyForDeploymentPostprocessing = 0;
		};
/* End PBXResourcesBuildPhase section */

/* Begin PBXSourcesBuildPhase section */
		A9717EF721C9CD52002C0A87 /* Sources */ = {
			isa = PBXSourcesBuildPhase;
			buildActionMask = 2147483647;
			files = (
				A9717F0121C9CD52002C0A87 /* ViewController.swift in Sources */,
				A9717EFF21C9CD52002C0A87 /* AppDelegate.swift in Sources */,
			);
			runOnlyForDeploymentPostprocessing = 0;
		};
		A9717F0B21C9CD57002C0A87 /* Sources */ = {
			isa = PBXSourcesBuildPhase;
			buildActionMask = 2147483647;
			files = (
				A9717F1421C9CD57002C0A87 /* test___Tests.swift in Sources */,
			);
			runOnlyForDeploymentPostprocessing = 0;
		};
		A9717F1621C9CD57002C0A87 /* Sources */ = {
			isa = PBXSourcesBuildPhase;
			buildActionMask = 2147483647;
			files = (
				A9717F1F21C9CD57002C0A87 /* test___UITests.swift in Sources */,
			);
			runOnlyForDeploymentPostprocessing = 0;
		};
/* End PBXSourcesBuildPhase section */

/* Begin PBXTargetDependency section */
		A9717F1121C9CD57002C0A87 /* PBXTargetDependency */ = {
			isa = PBXTargetDependency;
			target = A9717EFA21C9CD52002C0A87 /* test计算器 */;
			targetProxy = A9717F1021C9CD57002C0A87 /* PBXContainerItemProxy */;
		};
		A9717F1C21C9CD57002C0A87 /* PBXTargetDependency */ = {
			isa = PBXTargetDependency;
			target = A9717EFA21C9CD52002C0A87 /* test计算器 */;
			targetProxy = A9717F1B21C9CD57002C0A87 /* PBXContainerItemProxy */;
		};
/* End PBXTargetDependency section */

/* Begin PBXVariantGroup section */
		A9717F0221C9CD52002C0A87 /* Main.storyboard */ = {
			isa = PBXVariantGroup;
			children = (
				A9717F0321C9CD52002C0A87 /* Base */,
			);
			name = Main.storyboard;
			sourceTree = "<group>";
		};
		A9717F0721C9CD57002C0A87 /* LaunchScreen.storyboard */ = {
			isa = PBXVariantGroup;
			children = (
				A9717F0821C9CD57002C0A87 /* Base */,
			);
			name = LaunchScreen.storyboard;
			sourceTree = "<group>";
		};
/* End PBXVariantGroup section */

/* Begin XCBuildConfiguration section */
		A9717F2121C9CD57002C0A87 /* Debug */ = {
			isa = XCBuildConfiguration;
			buildSettings = {
				ALWAYS_SEARCH_USER_PATHS = NO;
				CLANG_ANALYZER_NONNULL = YES;
				CLANG_ANALYZER_NUMBER_OBJECT_CONVERSION = YES_AGGRESSIVE;
				CLANG_CXX_LANGUAGE_STANDARD = "gnu++14";
				CLANG_CXX_LIBRARY = "libc++";
				CLANG_ENABLE_MODULES = YES;
				CLANG_ENABLE_OBJC_ARC = YES;
				CLANG_ENABLE_OBJC_WEAK = YES;
				CLANG_WARN_BLOCK_CAPTURE_AUTORELEASING = YES;
				CLANG_WARN_BOOL_CONVERSION = YES;
				CLANG_WARN_COMMA = YES;
				CLANG_WARN_CONSTANT_CONVERSION = YES;
				CLANG_WARN_DEPRECATED_OBJC_IMPLEMENTATIONS = YES;
				CLANG_WARN_DIRECT_OBJC_ISA_USAGE = YES_ERROR;
				CLANG_WARN_DOCUMENTATION_COMMENTS = YES;
				CLANG_WARN_EMPTY_BODY = YES;
				CLANG_WARN_ENUM_CONVERSION = YES;
				CLANG_WARN_INFINITE_RECURSION = YES;
				CLANG_WARN_INT_CONVERSION = YES;
				CLANG_WARN_NON_LITERAL_NULL_CONVERSION = YES;
				CLANG_WARN_OBJC_IMPLICIT_RETAIN_SELF = YES;
				CLANG_WARN_OBJC_LITERAL_CONVERSION = YES;
				CLANG_WARN_OBJC_ROOT_CLASS = YES_ERROR;
				CLANG_WARN_RANGE_LOOP_ANALYSIS = YES;
				CLANG_WARN_STRICT_PROTOTYPES = YES;
				CLANG_WARN_SUSPICIOUS_MOVE = YES;
				CLANG_WARN_UNGUARDED_AVAILABILITY = YES_AGGRESSIVE;
				CLANG_WARN_UNREACHABLE_CODE = YES;
				CLANG_WARN__DUPLICATE_METHOD_MATCH = YES;
				CODE_SIGN_IDENTITY = "iPhone Developer";
				COPY_PHASE_STRIP = NO;
				DEBUG_INFORMATION_FORMAT = dwarf;
				ENABLE_STRICT_OBJC_MSGSEND = YES;
				ENABLE_TESTABILITY = YES;
				GCC_C_LANGUAGE_STANDARD = gnu11;
				GCC_DYNAMIC_NO_PIC = NO;
				GCC_NO_COMMON_BLOCKS = YES;
				GCC_OPTIMIZATION_LEVEL = 0;
				GCC_PREPROCESSOR_DEFINITIONS = (
					"DEBUG=1",
					"$(inherited)",
				);
				GCC_WARN_64_TO_32_BIT_CONVERSION = YES;
				GCC_WARN_ABOUT_RETURN_TYPE = YES_ERROR;
				GCC_WARN_UNDECLARED_SELECTOR = YES;
				GCC_WARN_UNINITIALIZED_AUTOS = YES_AGGRESSIVE;
				GCC_WARN_UNUSED_FUNCTION = YES;
				GCC_WARN_UNUSED_VARIABLE = YES;
				IPHONEOS_DEPLOYMENT_TARGET = 12.0;
				MTL_ENABLE_DEBUG_INFO = INCLUDE_SOURCE;
				MTL_FAST_MATH = YES;
				ONLY_ACTIVE_ARCH = YES;
				SDKROOT = iphoneos;
				SWIFT_ACTIVE_COMPILATION_CONDITIONS = DEBUG;
				SWIFT_OPTIMIZATION_LEVEL = "-Onone";
			};
			name = Debug;
		};
		A9717F2221C9CD57002C0A87 /* Release */ = {
			isa = XCBuildConfiguration;
			buildSettings = {
				ALWAYS_SEARCH_USER_PATHS = NO;
				CLANG_ANALYZER_NONNULL = YES;
				CLANG_ANALYZER_NUMBER_OBJECT_CONVERSION = YES_AGGRESSIVE;
				CLANG_CXX_LANGUAGE_STANDARD = "gnu++14";
				CLANG_CXX_LIBRARY = "libc++";
				CLANG_ENABLE_MODULES = YES;
				CLANG_ENABLE_OBJC_ARC = YES;
				CLANG_ENABLE_OBJC_WEAK = YES;
				CLANG_WARN_BLOCK_CAPTURE_AUTORELEASING = YES;
				CLANG_WARN_BOOL_CONVERSION = YES;
				CLANG_WARN_COMMA = YES;
				CLANG_WARN_CONSTANT_CONVERSION = YES;
				CLANG_WARN_DEPRECATED_OBJC_IMPLEMENTATIONS = YES;
				CLANG_WARN_DIRECT_OBJC_ISA_USAGE = YES_ERROR;
				CLANG_WARN_DOCUMENTATION_COMMENTS = YES;
				CLANG_WARN_EMPTY_BODY = YES;
				CLANG_WARN_ENUM_CONVERSION = YES;
				CLANG_WARN_INFINITE_RECURSION = YES;
				CLANG_WARN_INT_CONVERSION = YES;
				CLANG_WARN_NON_LITERAL_NULL_CONVERSION = YES;
				CLANG_WARN_OBJC_IMPLICIT_RETAIN_SELF = YES;
				CLANG_WARN_OBJC_LITERAL_CONVERSION = YES;
				CLANG_WARN_OBJC_ROOT_CLASS = YES_ERROR;
				CLANG_WARN_RANGE_LOOP_ANALYSIS = YES;
				CLANG_WARN_STRICT_PROTOTYPES = YES;
				CLANG_WARN_SUSPICIOUS_MOVE = YES;
				CLANG_WARN_UNGUARDED_AVAILABILITY = YES_AGGRESSIVE;
				CLANG_WARN_UNREACHABLE_CODE = YES;
				CLANG_WARN__DUPLICATE_METHOD_MATCH = YES;
				CODE_SIGN_IDENTITY = "iPhone Developer";
				COPY_PHASE_STRIP = NO;
				DEBUG_INFORMATION_FORMAT = "dwarf-with-dsym";
				ENABLE_NS_ASSERTIONS = NO;
				ENABLE_STRICT_OBJC_MSGSEND = YES;
				GCC_C_LANGUAGE_STANDARD = gnu11;
				GCC_NO_COMMON_BLOCKS = YES;
				GCC_WARN_64_TO_32_BIT_CONVERSION = YES;
				GCC_WARN_ABOUT_RETURN_TYPE = YES_ERROR;
				GCC_WARN_UNDECLARED_SELECTOR = YES;
				GCC_WARN_UNINITIALIZED_AUTOS = YES_AGGRESSIVE;
				GCC_WARN_UNUSED_FUNCTION = YES;
				GCC_WARN_UNUSED_VARIABLE = YES;
				IPHONEOS_DEPLOYMENT_TARGET = 12.0;
				MTL_ENABLE_DEBUG_INFO = NO;
				MTL_FAST_MATH = YES;
				SDKROOT = iphoneos;
				SWIFT_COMPILATION_MODE = wholemodule;
				SWIFT_OPTIMIZATION_LEVEL = "-O";
				VALIDATE_PRODUCT = YES;
			};
			name = Release;
		};
		A9717F2421C9CD57002C0A87 /* Debug */ = {
			isa = XCBuildConfiguration;
			buildSettings = {
				ASSETCATALOG_COMPILER_APPICON_NAME = AppIcon;
				CODE_SIGN_STYLE = Automatic;
				INFOPLIST_FILE = "test计算器/Info.plist";
				LD_RUNPATH_SEARCH_PATHS = (
					"$(inherited)",
					"@executable_path/Frameworks",
				);
				PRODUCT_BUNDLE_IDENTIFIER = "imnu.test---";
				PRODUCT_NAME = "$(TARGET_NAME)";
				SWIFT_VERSION = 4.2;
				TARGETED_DEVICE_FAMILY = "1,2";
			};
			name = Debug;
		};
		A9717F2521C9CD57002C0A87 /* Release */ = {
			isa = XCBuildConfiguration;
			buildSettings = {
				ASSETCATALOG_COMPILER_APPICON_NAME = AppIcon;
				CODE_SIGN_STYLE = Automatic;
				INFOPLIST_FILE = "test计算器/Info.plist";
				LD_RUNPATH_SEARCH_PATHS = (
					"$(inherited)",
					"@executable_path/Frameworks",
				);
				PRODUCT_BUNDLE_IDENTIFIER = "imnu.test---";
				PRODUCT_NAME = "$(TARGET_NAME)";
				SWIFT_VERSION = 4.2;
				TARGETED_DEVICE_FAMILY = "1,2";
			};
			name = Release;
		};
		A9717F2721C9CD57002C0A87 /* Debug */ = {
			isa = XCBuildConfiguration;
			buildSettings = {
				ALWAYS_EMBED_SWIFT_STANDARD_LIBRARIES = YES;
				BUNDLE_LOADER = "$(TEST_HOST)";
				CODE_SIGN_STYLE = Automatic;
				INFOPLIST_FILE = "test计算器Tests/Info.plist";
				LD_RUNPATH_SEARCH_PATHS = (
					"$(inherited)",
					"@executable_path/Frameworks",
					"@loader_path/Frameworks",
				);
				PRODUCT_BUNDLE_IDENTIFIER = "imnu.test---Tests";
				PRODUCT_NAME = "$(TARGET_NAME)";
				SWIFT_VERSION = 4.2;
				TARGETED_DEVICE_FAMILY = "1,2";
				TEST_HOST = "$(BUILT_PRODUCTS_DIR)/test计算器.app/test计算器";
			};
			name = Debug;
		};
		A9717F2821C9CD57002C0A87 /* Release */ = {
			isa = XCBuildConfiguration;
			buildSettings = {
				ALWAYS_EMBED_SWIFT_STANDARD_LIBRARIES = YES;
				BUNDLE_LOADER = "$(TEST_HOST)";
				CODE_SIGN_STYLE = Automatic;
				INFOPLIST_FILE = "test计算器Tests/Info.plist";
				LD_RUNPATH_SEARCH_PATHS = (
					"$(inherited)",
					"@executable_path/Frameworks",
					"@loader_path/Frameworks",
				);
				PRODUCT_BUNDLE_IDENTIFIER = "imnu.test---Tests";
				PRODUCT_NAME = "$(TARGET_NAME)";
				SWIFT_VERSION = 4.2;
				TARGETED_DEVICE_FAMILY = "1,2";
				TEST_HOST = "$(BUILT_PRODUCTS_DIR)/test计算器.app/test计算器";
			};
			name = Release;
		};
		A9717F2A21C9CD57002C0A87 /* Debug */ = {
			isa = XCBuildConfiguration;
			buildSettings = {
				ALWAYS_EMBED_SWIFT_STANDARD_LIBRARIES = YES;
				CODE_SIGN_STYLE = Automatic;
				INFOPLIST_FILE = "test计算器UITests/Info.plist";
				LD_RUNPATH_SEARCH_PATHS = (
					"$(inherited)",
					"@executable_path/Frameworks",
					"@loader_path/Frameworks",
				);
				PRODUCT_BUNDLE_IDENTIFIER = "imnu.test---UITests";
				PRODUCT_NAME = "$(TARGET_NAME)";
				SWIFT_VERSION = 4.2;
				TARGETED_DEVICE_FAMILY = "1,2";
				TEST_TARGET_NAME = "test计算器";
			};
			name = Debug;
		};
		A9717F2B21C9CD57002C0A87 /* Release */ = {
			isa = XCBuildConfiguration;
			buildSettings = {
				ALWAYS_EMBED_SWIFT_STANDARD_LIBRARIES = YES;
				CODE_SIGN_STYLE = Automatic;
				INFOPLIST_FILE = "test计算器UITests/Info.plist";
				LD_RUNPATH_SEARCH_PATHS = (
					"$(inherited)",
					"@executable_path/Frameworks",
					"@loader_path/Frameworks",
				);
				PRODUCT_BUNDLE_IDENTIFIER = "imnu.test---UITests";
				PRODUCT_NAME = "$(TARGET_NAME)";
				SWIFT_VERSION = 4.2;
				TARGETED_DEVICE_FAMILY = "1,2";
				TEST_TARGET_NAME = "test计算器";
			};
			name = Release;
		};
/* End XCBuildConfiguration section */

/* Begin XCConfigurationList section */
		A9717EF621C9CD52002C0A87 /* Build configuration list for PBXProject "test计算器" */ = {
			isa = XCConfigurationList;
			buildConfigurations = (
				A9717F2121C9CD57002C0A87 /* Debug */,
				A9717F2221C9CD57002C0A87 /* Release */,
			);
			defaultConfigurationIsVisible = 0;
			defaultConfigurationName = Release;
		};
		A9717F2321C9CD57002C0A87 /* Build configuration list for PBXNativeTarget "test计算器" */ = {
			isa = XCConfigurationList;
			buildConfigurations = (
				A9717F2421C9CD57002C0A87 /* Debug */,
				A9717F2521C9CD57002C0A87 /* Release */,
			);
			defaultConfigurationIsVisible = 0;
			defaultConfigurationName = Release;
		};
		A9717F2621C9CD57002C0A87 /* Build configuration list for PBXNativeTarget "test计算器Tests" */ = {
			isa = XCConfigurationList;
			buildConfigurations = (
				A9717F2721C9CD57002C0A87 /* Debug */,
				A9717F2821C9CD57002C0A87 /* Release */,
			);
			defaultConfigurationIsVisible = 0;
			defaultConfigurationName = Release;
		};
		A9717F2921C9CD57002C0A87 /* Build configuration list for PBXNativeTarget "test计算器UITests" */ = {
			isa = XCConfigurationList;
			buildConfigurations = (
				A9717F2A21C9CD57002C0A87 /* Debug */,
				A9717F2B21C9CD57002C0A87 /* Release */,
			);
			defaultConfigurationIsVisible = 0;
			defaultConfigurationName = Release;
		};
/* End XCConfigurationList section */
	};
	rootObject = A9717EF321C9CD52002C0A87 /* Project object */;
}
